<?xml version="1.0" encoding="utf-8"?>
<Project ToolsVersion="4.0" xmlns="http://schemas.microsoft.com/developer/msbuild/2003">
  <ItemGroup>
    <Filter Include="Source Files">
      <UniqueIdentifier>{4FC737F1-C7A5-4376-A066-2A32D752A2FF}</UniqueIdentifier>
      <Extensions>cpp;c;cc;cxx;def;odl;idl;hpj;bat;asm;asmx</Extensions>
    </Filter>
    <Filter Include="Header Files">
      <UniqueIdentifier>{93995380-89BD-4b04-88EB-625FBE52EBFB}</UniqueIdentifier>
      <Extensions>h;hh;hpp;hxx;hm;inl;inc;ipp;xsd</Extensions>
    </Filter>
    <Filter Include="Resource Files">
      <UniqueIdentifier>{67DA6AB6-F800-4c08-8B7A-83BB121AAD01}</UniqueIdentifier>
      <Extensions>rc;ico;cur;bmp;dlg;rc2;rct;bin;rgs;gif;jpg;jpeg;jpe;resx;tiff;tif;png;wav;mfcribbon-ms</Extensions>
    </Filter>
  </ItemGroup>
  <ItemGroup>
    <ClInclude Include="binary_ostream_iterator.h">
      <Filter>Header Files</Filter>
    </ClInclude>
    <ClInclude Include="Bitmap.h">
      <Filter>Header Files</Filter>
    </ClInclude>
    <ClInclude Include="Color.h">
      <Filter>Header Files</Filter>
    </ClInclude>
    <ClInclude Include="Failure.h">
      <Filter>Header Files</Filter>
    </ClInclude>
    <ClInclude Include="SizedWord.h">
      <Filter>Header Files</Filter>
    </ClInclude>
    <ClInclude Include="Test.h">
      <Filter>Header Files</Filter>
    </ClInclude>
    <ClInclude Include="TestHarness.h">
      <Filter>Header Files</Filter>
    </ClInclude>
    <ClInclude Include="TestRegistry.h">
      <Filter>Header Files</Filter>
    </ClInclude>
    <ClInclude Include="TestResult.h">
      <Filter>Header Files</Filter>
    </ClInclude>
    <ClInclude Include="VerifyEquality.h">
      <Filter>Header Files</Filter>
    </ClInclude>
    <ClInclude Include="WindowsBitmapHeader.h">
      <Filter>Header Files</Filter>
    </ClInclude>
    <ClInclude Include="WindowsBitmapDecoder.h">
      <Filter>Header Files</Filter>
    </ClInclude>
    <ClInclude Include="ranged_number.h">
      <Filter>Header Files</Filter>
    </ClInclude>
    <ClInclude Include="CodecLibrary.h">
      <Filter>Header Files</Filter>
    </ClInclude>
    <ClInclude Include="WindowsBitmapEncoder.h">
      <Filter>Header Files</Filter>
    </ClInclude>
    <ClInclude Include="BrightnessDecorator.h">
      <Filter>Header Files</Filter>
    </ClInclude>
    <ClInclude Include="BitmapIterator.h">
      <Filter>Header Files</Filter>
    </ClInclude>
    <ClInclude Include="ColorInversionDecorator.h">
      <Filter>Header Files</Filter>
    </ClInclude>
    <ClInclude Include="BitmapIteratorDecorator.h">
      <Filter>Header Files</Filter>
    </ClInclude>
    <ClInclude Include="IBitmapIterator.h">
      <Filter>Header Files</Filter>
    </ClInclude>
    <ClInclude Include="IBitmapDecoder.h">
      <Filter>Header Files</Filter>
    </ClInclude>
    <ClInclude Include="IBitmapEncoder.h">
      <Filter>Header Files</Filter>
    </ClInclude>
    <ClInclude Include="GrayScaleConversionDecorator.h">
      <Filter>Header Files</Filter>
    </ClInclude>
    <ClInclude Include="PosterizeDecorator.h">
      <Filter>Header Files</Filter>
    </ClInclude>
  </ItemGroup>
  <ItemGroup>
    <ClCompile Include="Bitmap.cpp">
      <Filter>Source Files</Filter>
    </ClCompile>
    <ClCompile Include="BitmapEncodeDecodeTests.cpp">
      <Filter>Source Files</Filter>
    </ClCompile>
    <ClCompile Include="CodecLibraryTest.cpp">
      <Filter>Source Files</Filter>
    </ClCompile>
    <ClCompile Include="Color.cpp">
      <Filter>Source Files</Filter>
    </ClCompile>
    <ClCompile Include="Failure.cpp">
      <Filter>Source Files</Filter>
    </ClCompile>
    <ClCompile Include="main.cpp">
      <Filter>Source Files</Filter>
    </ClCompile>
    <ClCompile Include="ranged_numberTest.cpp">
      <Filter>Source Files</Filter>
    </ClCompile>
    <ClCompile Include="Test.cpp">
      <Filter>Source Files</Filter>
    </ClCompile>
    <ClCompile Include="TestRegistry.cpp">
      <Filter>Source Files</Filter>
    </ClCompile>
    <ClCompile Include="TestResult.cpp">
      <Filter>Source Files</Filter>
    </ClCompile>
    <ClCompile Include="VerifyEqualityTest.cpp">
      <Filter>Source Files</Filter>
    </ClCompile>
    <ClCompile Include="WindowsBitmapHeader.cpp">
      <Filter>Source Files</Filter>
    </ClCompile>
    <ClCompile Include="WindowsBitmapHeaderTest.cpp">
      <Filter>Source Files</Filter>
    </ClCompile>
    <ClCompile Include="BitmapIterator.cpp">
      <Filter>Source Files</Filter>
    </ClCompile>
    <ClCompile Include="ranged_number.cpp">
      <Filter>Source Files</Filter>
    </ClCompile>
    <ClCompile Include="WindowsBitmapDecoder.cpp">
      <Filter>Source Files</Filter>
    </ClCompile>
    <ClCompile Include="WindowsBitmapEncoder.cpp">
      <Filter>Source Files</Filter>
    </ClCompile>
    <ClCompile Include="CodecLibrary.cpp">
      <Filter>Source Files</Filter>
    </ClCompile>
  </ItemGroup>
  <ItemGroup>
    <Library Include="CppUnitLite.lib" />
  </ItemGroup>
  <ItemGroup>
    <Image Include="output.bmp">
      <Filter>Resource Files</Filter>
    </Image>
    <Image Include="output_101.bmp">
      <Filter>Resource Files</Filter>
    </Image>
    <Image Include="output_basicBrightnessAdjusted.bmp">
      <Filter>Resource Files</Filter>
    </Image>
    <Image Include="output_basicColorInvert.bmp">
      <Filter>Resource Files</Filter>
    </Image>
    <Image Include="output_basicCopy.bmp">
      <Filter>Resource Files</Filter>
    </Image>
    <Image Include="output_darkInverted.bmp">
      <Filter>Resource Files</Filter>
    </Image>
  </ItemGroup>
</Project>